{
  "name": "@gymito/monitor-web",
  "version": "0.0.5-alpha.0",
  "lockfileVersion": 1,
  "requires": true,
  "dependencies": {
    "@gymito/monitor-browser": {
      "version": "1.0.0",
      "requires": {
        "@gymito/monitor-core": "1.0.0",
        "@gymito/monitor-shared": "1.0.0",
        "@gymito/monitor-types": "1.0.0",
        "@gymito/monitor-utils": "1.0.0"
      },
      "dependencies": {
        "@gymito/monitor-core": {
          "version": "1.0.0",
          "requires": {
            "@gymito/monitor-shared": "1.0.0",
            "@gymito/monitor-types": "1.0.0",
            "@gymito/monitor-utils": "1.0.0"
          },
          "dependencies": {
            "@gymito/monitor-shared": {
              "version": "1.0.0"
            },
            "@gymito/monitor-types": {
              "version": "1.0.0",
              "requires": {
                "@gymito/monitor-browser": "1.0.0",
                "@gymito/monitor-core": "1.0.0",
                "@gymito/monitor-shared": "1.0.0",
                "@gymito/monitor-utils": "1.0.0"
              },
              "dependencies": {
                "@gymito/monitor-browser": {
                  "version": "1.0.0",
                  "requires": {
                    "@gymito/monitor-core": "1.0.0",
                    "@gymito/monitor-shared": "1.0.0",
                    "@gymito/monitor-types": "1.0.0",
                    "@gymito/monitor-utils": "1.0.0"
                  },
                  "dependencies": {
                    "@gymito/monitor-core": {
                      "version": "1.0.0",
                      "requires": {
                        "@gymito/monitor-shared": "1.0.0",
                        "@gymito/monitor-types": "1.0.0",
                        "@gymito/monitor-utils": "1.0.0"
                      },
                      "dependencies": {}
                    },
                    "@gymito/monitor-shared": {
                      "version": "1.0.0"
                    },
                    "@gymito/monitor-types": {
                      "version": "1.0.0",
                      "requires": {
                        "@gymito/monitor-browser": "1.0.0",
                        "@gymito/monitor-core": "1.0.0",
                        "@gymito/monitor-shared": "1.0.0",
                        "@gymito/monitor-utils": "1.0.0"
                      },
                      "dependencies": {
                        "@gymito/monitor-browser": {
                          "version": "1.0.0",
                          "requires": {
                            "@gymito/monitor-core": "1.0.0",
                            "@gymito/monitor-shared": "1.0.0",
                            "@gymito/monitor-types": "1.0.0",
                            "@gymito/monitor-utils": "1.0.0"
                          },
                          "dependencies": {}
                        },
                        "@gymito/monitor-core": {
                          "version": "1.0.0",
                          "requires": {
                            "@gymito/monitor-shared": "1.0.0",
                            "@gymito/monitor-types": "1.0.0",
                            "@gymito/monitor-utils": "1.0.0"
                          },
                          "dependencies": {
                            "@gymito/monitor-shared": {
                              "version": "1.0.0"
                            },
                            "@gymito/monitor-types": {
                              "version": "1.0.0",
                              "requires": {
                                "@gymito/monitor-browser": "1.0.0",
                                "@gymito/monitor-core": "1.0.0",
                                "@gymito/monitor-shared": "1.0.0",
                                "@gymito/monitor-utils": "1.0.0"
                              },
                              "dependencies": {}
                            },
                            "@gymito/monitor-utils": {
                              "version": "1.0.0",
                              "requires": {
                                "@gymito/monitor-browser": "1.0.0",
                                "@gymito/monitor-core": "1.0.0",
                                "@gymito/monitor-shared": "1.0.0",
                                "@gymito/monitor-types": "1.0.0"
                              },
                              "dependencies": {
                                "@gymito/monitor-browser": {
                                  "version": "1.0.0",
                                  "requires": {
                                    "@gymito/monitor-core": "1.0.0",
                                    "@gymito/monitor-shared": "1.0.0",
                                    "@gymito/monitor-types": "1.0.0",
                                    "@gymito/monitor-utils": "1.0.0"
                                  },
                                  "dependencies": {
                                    "@gymito/monitor-core": {
                                      "version": "1.0.0",
                                      "requires": {
                                        "@gymito/monitor-shared": "1.0.0",
                                        "@gymito/monitor-types": "1.0.0",
                                        "@gymito/monitor-utils": "1.0.0"
                                      },
                                      "dependencies": {}
                                    },
                                    "@gymito/monitor-shared": {
                                      "version": "1.0.0"
                                    },
                                    "@gymito/monitor-types": {
                                      "version": "1.0.0",
                                      "requires": {
                                        "@gymito/monitor-browser": "1.0.0",
                                        "@gymito/monitor-core": "1.0.0",
                                        "@gymito/monitor-shared": "1.0.0",
                                        "@gymito/monitor-utils": "1.0.0"
                                      },
                                      "dependencies": {}
                                    },
                                    "@gymito/monitor-utils": {
                                      "version": "1.0.0",
                                      "requires": {
                                        "@gymito/monitor-browser": "1.0.0",
                                        "@gymito/monitor-core": "1.0.0",
                                        "@gymito/monitor-shared": "1.0.0",
                                        "@gymito/monitor-types": "1.0.0"
                                      },
                                      "dependencies": {
                                        "@gymito/monitor-browser": {
                                          "version": "1.0.0",
                                          "requires": {
                                            "@gymito/monitor-core": "1.0.0",
                                            "@gymito/monitor-shared": "1.0.0",
                                            "@gymito/monitor-types": "1.0.0",
                                            "@gymito/monitor-utils": "1.0.0"
                                          },
                                          "dependencies": {}
                                        },
                                        "@gymito/monitor-core": {
                                          "version": "1.0.0",
                                          "requires": {
                                            "@gymito/monitor-shared": "1.0.0",
                                            "@gymito/monitor-types": "1.0.0",
                                            "@gymito/monitor-utils": "1.0.0"
                                          },
                                          "dependencies": {
                                            "@gymito/monitor-shared": {
                                              "version": "1.0.0"
                                            },
                                            "@gymito/monitor-types": {
                                              "version": "1.0.0",
                                              "requires": {
                                                "@gymito/monitor-browser": "1.0.0",
                                                "@gymito/monitor-core": "1.0.0",
                                                "@gymito/monitor-shared": "1.0.0",
                                                "@gymito/monitor-utils": "1.0.0"
                                              },
                                              "dependencies": {}
                                            },
                                            "@gymito/monitor-utils": {
                                              "version": "1.0.0",
                                              "requires": {
                                                "@gymito/monitor-browser": "1.0.0",
                                                "@gymito/monitor-core": "1.0.0",
                                                "@gymito/monitor-shared": "1.0.0",
                                                "@gymito/monitor-types": "1.0.0"
                                              },
                                              "dependencies": {}
                                            }
                                          }
                                        },
                                        "@gymito/monitor-shared": {
                                          "version": "1.0.0"
                                        },
                                        "@gymito/monitor-types": {
                                          "version": "1.0.0",
                                          "requires": {
                                            "@gymito/monitor-browser": "1.0.0",
                                            "@gymito/monitor-core": "1.0.0",
                                            "@gymito/monitor-shared": "1.0.0",
                                            "@gymito/monitor-utils": "1.0.0"
                                          },
                                          "dependencies": {
                                            "@gymito/monitor-browser": {
                                              "version": "1.0.0",
                                              "requires": {
                                                "@gymito/monitor-core": "1.0.0",
                                                "@gymito/monitor-shared": "1.0.0",
                                                "@gymito/monitor-types": "1.0.0",
                                                "@gymito/monitor-utils": "1.0.0"
                                              },
                                              "dependencies": {}
                                            },
                                            "@gymito/monitor-core": {
                                              "version": "1.0.0",
                                              "requires": {
                                                "@gymito/monitor-shared": "1.0.0",
                                                "@gymito/monitor-types": "1.0.0",
                                                "@gymito/monitor-utils": "1.0.0"
                                              },
                                              "dependencies": {}
                                            },
                                            "@gymito/monitor-shared": {
                                              "version": "1.0.0"
                                            },
                                            "@gymito/monitor-utils": {
                                              "version": "1.0.0",
                                              "requires": {
                                                "@gymito/monitor-browser": "1.0.0",
                                                "@gymito/monitor-core": "1.0.0",
                                                "@gymito/monitor-shared": "1.0.0",
                                                "@gymito/monitor-types": "1.0.0"
                                              },
                                              "dependencies": {
                                                "@gymito/monitor-browser": {
                                                  "version": "1.0.0",
                                                  "requires": {
                                                    "@gymito/monitor-core": "1.0.0",
                                                    "@gymito/monitor-shared": "1.0.0",
                                                    "@gymito/monitor-types": "1.0.0",
                                                    "@gymito/monitor-utils": "1.0.0"
                                                  },
                                                  "dependencies": {}
                                                },
                                                "@gymito/monitor-core": {
                                                  "version": "1.0.0",
                                                  "requires": {
                                                    "@gymito/monitor-shared": "1.0.0",
                                                    "@gymito/monitor-types": "1.0.0",
                                                    "@gymito/monitor-utils": "1.0.0"
                                                  },
                                                  "dependencies": {}
                                                },
                                                "@gymito/monitor-shared": {
                                                  "version": "1.0.0"
                                                },
                                                "@gymito/monitor-types": {
                                                  "version": "1.0.0",
                                                  "requires": {
                                                    "@gymito/monitor-browser": "1.0.0",
                                                    "@gymito/monitor-core": "1.0.0",
                                                    "@gymito/monitor-shared": "1.0.0",
                                                    "@gymito/monitor-utils": "1.0.0"
                                                  },
                                                  "dependencies": {}
                                                }
                                              }
                                            }
                                          }
                                        }
                                      }
                                    }
                                  }
                                },
                                "@gymito/monitor-core": {
                                  "version": "1.0.0",
                                  "requires": {
                                    "@gymito/monitor-shared": "1.0.0",
                                    "@gymito/monitor-types": "1.0.0",
                                    "@gymito/monitor-utils": "1.0.0"
                                  },
                                  "dependencies": {}
                                },
                                "@gymito/monitor-shared": {
                                  "version": "1.0.0"
                                },
                                "@gymito/monitor-types": {
                                  "version": "1.0.0",
                                  "requires": {
                                    "@gymito/monitor-browser": "1.0.0",
                                    "@gymito/monitor-core": "1.0.0",
                                    "@gymito/monitor-shared": "1.0.0",
                                    "@gymito/monitor-utils": "1.0.0"
                                  },
                                  "dependencies": {}
                                }
                              }
                            }
                          }
                        },
                        "@gymito/monitor-shared": {
                          "version": "1.0.0"
                        },
                        "@gymito/monitor-utils": {
                          "version": "1.0.0",
                          "requires": {
                            "@gymito/monitor-browser": "1.0.0",
                            "@gymito/monitor-core": "1.0.0",
                            "@gymito/monitor-shared": "1.0.0",
                            "@gymito/monitor-types": "1.0.0"
                          },
                          "dependencies": {}
                        }
                      }
                    },
                    "@gymito/monitor-utils": {
                      "version": "1.0.0",
                      "requires": {
                        "@gymito/monitor-browser": "1.0.0",
                        "@gymito/monitor-core": "1.0.0",
                        "@gymito/monitor-shared": "1.0.0",
                        "@gymito/monitor-types": "1.0.0"
                      },
                      "dependencies": {}
                    }
                  }
                },
                "@gymito/monitor-core": {
                  "version": "1.0.0",
                  "requires": {
                    "@gymito/monitor-shared": "1.0.0",
                    "@gymito/monitor-types": "1.0.0",
                    "@gymito/monitor-utils": "1.0.0"
                  },
                  "dependencies": {}
                },
                "@gymito/monitor-shared": {
                  "version": "1.0.0"
                },
                "@gymito/monitor-utils": {
                  "version": "1.0.0",
                  "requires": {
                    "@gymito/monitor-browser": "1.0.0",
                    "@gymito/monitor-core": "1.0.0",
                    "@gymito/monitor-shared": "1.0.0",
                    "@gymito/monitor-types": "1.0.0"
                  },
                  "dependencies": {}
                }
              }
            },
            "@gymito/monitor-utils": {
              "version": "1.0.0",
              "requires": {
                "@gymito/monitor-browser": "1.0.0",
                "@gymito/monitor-core": "1.0.0",
                "@gymito/monitor-shared": "1.0.0",
                "@gymito/monitor-types": "1.0.0"
              },
              "dependencies": {}
            }
          }
        },
        "@gymito/monitor-shared": {
          "version": "1.0.0"
        },
        "@gymito/monitor-types": {
          "version": "1.0.0",
          "requires": {
            "@gymito/monitor-browser": "1.0.0",
            "@gymito/monitor-core": "1.0.0",
            "@gymito/monitor-shared": "1.0.0",
            "@gymito/monitor-utils": "1.0.0"
          },
          "dependencies": {}
        },
        "@gymito/monitor-utils": {
          "version": "1.0.0",
          "requires": {
            "@gymito/monitor-browser": "1.0.0",
            "@gymito/monitor-core": "1.0.0",
            "@gymito/monitor-shared": "1.0.0",
            "@gymito/monitor-types": "1.0.0"
          },
          "dependencies": {}
        }
      }
    },
    "@gymito/monitor-vue": {
      "version": "1.0.0",
      "requires": {
        "@gymito/monitor-core": "1.0.0",
        "@gymito/monitor-shared": "1.0.0",
        "@gymito/monitor-types": "1.0.0",
        "@gymito/monitor-utils": "1.0.0"
      },
      "dependencies": {
        "@gymito/monitor-core": {
          "version": "1.0.0",
          "requires": {
            "@gymito/monitor-shared": "1.0.0",
            "@gymito/monitor-types": "1.0.0",
            "@gymito/monitor-utils": "1.0.0"
          },
          "dependencies": {
            "@gymito/monitor-shared": {
              "version": "1.0.0"
            },
            "@gymito/monitor-types": {
              "version": "1.0.0",
              "requires": {
                "@gymito/monitor-browser": "1.0.0",
                "@gymito/monitor-core": "1.0.0",
                "@gymito/monitor-shared": "1.0.0",
                "@gymito/monitor-utils": "1.0.0"
              },
              "dependencies": {}
            },
            "@gymito/monitor-utils": {
              "version": "1.0.0",
              "requires": {
                "@gymito/monitor-browser": "1.0.0",
                "@gymito/monitor-core": "1.0.0",
                "@gymito/monitor-shared": "1.0.0",
                "@gymito/monitor-types": "1.0.0"
              },
              "dependencies": {}
            }
          }
        },
        "@gymito/monitor-shared": {
          "version": "1.0.0"
        },
        "@gymito/monitor-types": {
          "version": "1.0.0",
          "requires": {
            "@gymito/monitor-browser": "1.0.0",
            "@gymito/monitor-core": "1.0.0",
            "@gymito/monitor-shared": "1.0.0",
            "@gymito/monitor-utils": "1.0.0"
          },
          "dependencies": {
            "@gymito/monitor-browser": {
              "version": "1.0.0",
              "requires": {
                "@gymito/monitor-core": "1.0.0",
                "@gymito/monitor-shared": "1.0.0",
                "@gymito/monitor-types": "1.0.0",
                "@gymito/monitor-utils": "1.0.0"
              },
              "dependencies": {}
            },
            "@gymito/monitor-core": {
              "version": "1.0.0",
              "requires": {
                "@gymito/monitor-shared": "1.0.0",
                "@gymito/monitor-types": "1.0.0",
                "@gymito/monitor-utils": "1.0.0"
              },
              "dependencies": {}
            },
            "@gymito/monitor-shared": {
              "version": "1.0.0"
            },
            "@gymito/monitor-utils": {
              "version": "1.0.0",
              "requires": {
                "@gymito/monitor-browser": "1.0.0",
                "@gymito/monitor-core": "1.0.0",
                "@gymito/monitor-shared": "1.0.0",
                "@gymito/monitor-types": "1.0.0"
              },
              "dependencies": {}
            }
          }
        },
        "@gymito/monitor-utils": {
          "version": "1.0.0",
          "requires": {
            "@gymito/monitor-browser": "1.0.0",
            "@gymito/monitor-core": "1.0.0",
            "@gymito/monitor-shared": "1.0.0",
            "@gymito/monitor-types": "1.0.0"
          },
          "dependencies": {
            "@gymito/monitor-browser": {
              "version": "1.0.0",
              "requires": {
                "@gymito/monitor-core": "1.0.0",
                "@gymito/monitor-shared": "1.0.0",
                "@gymito/monitor-types": "1.0.0",
                "@gymito/monitor-utils": "1.0.0"
              },
              "dependencies": {}
            },
            "@gymito/monitor-core": {
              "version": "1.0.0",
              "requires": {
                "@gymito/monitor-shared": "1.0.0",
                "@gymito/monitor-types": "1.0.0",
                "@gymito/monitor-utils": "1.0.0"
              },
              "dependencies": {}
            },
            "@gymito/monitor-shared": {
              "version": "1.0.0"
            },
            "@gymito/monitor-types": {
              "version": "1.0.0",
              "requires": {
                "@gymito/monitor-browser": "1.0.0",
                "@gymito/monitor-core": "1.0.0",
                "@gymito/monitor-shared": "1.0.0",
                "@gymito/monitor-utils": "1.0.0"
              },
              "dependencies": {}
            }
          }
        }
      }
    },
    "@gymito/monitor-web-performance": {
      "version": "1.0.0",
      "requires": {
        "core-js": "^3.19.1",
        "path-to-regexp": "^6.2.0"
      },
      "dependencies": {
        "core-js": {
          "version": "3.21.1"
        },
        "path-to-regexp": {
          "version": "6.2.0"
        }
      }
    }
  }
}
